
Microsoft Visual Studio Solution File, Format Version 12.00
# Visual Studio Version 17
VisualStudioVersion = 17.4.33110.190
MinimumVisualStudioVersion = 10.0.40219.1
Project("{FAE04EC0-301F-11D3-BF4B-00C04F79EFBC}") = "Koleksiyonlar-Soru-1", "Koleksiyonlar-Soru-1\Koleksiyonlar-Soru-1.csproj", "{0A04F827-F559-407B-A0EF-8B40C7914B32}"
EndProject
Project("{FAE04EC0-301F-11D3-BF4B-00C04F79EFBC}") = "Koleksiyonlar-Soru-2", "Koleksiyonlar-Soru-2\Koleksiyonlar-Soru-2.csproj", "{18EAF792-8690-49D4-B8F5-A78EE0BF1486}"
EndProject
Project("{FAE04EC0-301F-11D3-BF4B-00C04F79EFBC}") = "Koleksiyonlar-Soru-3", "Koleksiyonlar-Soru-3\Koleksiyonlar-Soru-3.csproj", "{D1D43B0D-D241-49CC-98FC-6CD15080C645}"
EndProject
Global
	GlobalSection(SolutionConfigurationPlatforms) = preSolution
		Debug|Any CPU = Debug|Any CPU
		Release|Any CPU = Release|Any CPU
	EndGlobalSection
	GlobalSection(ProjectConfigurationPlatforms) = postSolution
		{0A04F827-F559-407B-A0EF-8B40C7914B32}.Debug|Any CPU.ActiveCfg = Debug|Any CPU
		{0A04F827-F559-407B-A0EF-8B40C7914B32}.Debug|Any CPU.Build.0 = Debug|Any CPU
		{0A04F827-F559-407B-A0EF-8B40C7914B32}.Release|Any CPU.ActiveCfg = Release|Any CPU
		{0A04F827-F559-407B-A0EF-8B40C7914B32}.Release|Any CPU.Build.0 = Release|Any CPU
		{18EAF792-8690-49D4-B8F5-A78EE0BF1486}.Debug|Any CPU.ActiveCfg = Debug|Any CPU
		{18EAF792-8690-49D4-B8F5-A78EE0BF1486}.Debug|Any CPU.Build.0 = Debug|Any CPU
		{18EAF792-8690-49D4-B8F5-A78EE0BF1486}.Release|Any CPU.ActiveCfg = Release|Any CPU
		{18EAF792-8690-49D4-B8F5-A78EE0BF1486}.Release|Any CPU.Build.0 = Release|Any CPU
		{D1D43B0D-D241-49CC-98FC-6CD15080C645}.Debug|Any CPU.ActiveCfg = Debug|Any CPU
		{D1D43B0D-D241-49CC-98FC-6CD15080C645}.Debug|Any CPU.Build.0 = Debug|Any CPU
		{D1D43B0D-D241-49CC-98FC-6CD15080C645}.Release|Any CPU.ActiveCfg = Release|Any CPU
		{D1D43B0D-D241-49CC-98FC-6CD15080C645}.Release|Any CPU.Build.0 = Release|Any CPU
	EndGlobalSection
	GlobalSection(SolutionProperties) = preSolution
		HideSolutionNode = FALSE
	EndGlobalSection
	GlobalSection(ExtensibilityGlobals) = postSolution
		SolutionGuid = {95D3C165-34C8-47CE-A8F6-C358F65A59D3}
	EndGlobalSection
EndGlobal
