
Microsoft Visual Studio Solution File, Format Version 12.00
# Visual Studio Version 17
VisualStudioVersion = 17.4.33110.190
MinimumVisualStudioVersion = 10.0.40219.1
Project("{FAE04EC0-301F-11D3-BF4B-00C04F79EFBC}") = "AlgoritmaSorularıOdev1", "AlgoritmaSorularıOdev1\AlgoritmaSorularıOdev1.csproj", "{F910A59E-F0BB-413A-9932-87FD1C96F70D}"
EndProject
Global
	GlobalSection(SolutionConfigurationPlatforms) = preSolution
		Debug|Any CPU = Debug|Any CPU
		Release|Any CPU = Release|Any CPU
	EndGlobalSection
	GlobalSection(ProjectConfigurationPlatforms) = postSolution
		{F910A59E-F0BB-413A-9932-87FD1C96F70D}.Debug|Any CPU.ActiveCfg = Debug|Any CPU
		{F910A59E-F0BB-413A-9932-87FD1C96F70D}.Debug|Any CPU.Build.0 = Debug|Any CPU
		{F910A59E-F0BB-413A-9932-87FD1C96F70D}.Release|Any CPU.ActiveCfg = Release|Any CPU
		{F910A59E-F0BB-413A-9932-87FD1C96F70D}.Release|Any CPU.Build.0 = Release|Any CPU
	EndGlobalSection
	GlobalSection(SolutionProperties) = preSolution
		HideSolutionNode = FALSE
	EndGlobalSection
	GlobalSection(ExtensibilityGlobals) = postSolution
		SolutionGuid = {E60A2E7A-88B8-480E-8B3E-C31516B72D14}
	EndGlobalSection
EndGlobal
